
Microsoft Visual Studio Solution File, Format Version 12.00
# Visual Studio Version 17
VisualStudioVersion = 17.5.33530.505
MinimumVisualStudioVersion = 10.0.40219.1
Project("{FAE04EC0-301F-11D3-BF4B-00C04F79EFBC}") = "GNLauncher", "GNLauncher.csproj", "{B2C9B79A-62C8-4AD9-9C3E-556A65683B2F}"
EndProject
Global
	GlobalSection(SolutionConfigurationPlatforms) = preSolution
		Debug|Any CPU = Debug|Any CPU
		Release|Any CPU = Release|Any CPU
	EndGlobalSection
	GlobalSection(ProjectConfigurationPlatforms) = postSolution
		{B2C9B79A-62C8-4AD9-9C3E-556A65683B2F}.Debug|Any CPU.ActiveCfg = Debug|Any CPU
		{B2C9B79A-62C8-4AD9-9C3E-556A65683B2F}.Debug|Any CPU.Build.0 = Debug|Any CPU
		{B2C9B79A-62C8-4AD9-9C3E-556A65683B2F}.Release|Any CPU.ActiveCfg = Release|Any CPU
		{B2C9B79A-62C8-4AD9-9C3E-556A65683B2F}.Release|Any CPU.Build.0 = Release|Any CPU
	EndGlobalSection
	GlobalSection(SolutionProperties) = preSolution
		HideSolutionNode = FALSE
	EndGlobalSection
	GlobalSection(ExtensibilityGlobals) = postSolution
		SolutionGuid = {29B590A0-A275-420E-88F6-9149642AB649}
	EndGlobalSection
EndGlobal
